
Microsoft Visual Studio Solution File, Format Version 12.00
# Visual Studio Version 17
VisualStudioVersion = 17.9.34723.18
MinimumVisualStudioVersion = 10.0.40219.1
Project("{9A19103F-16F7-4668-BE54-9A1E7A4F7556}") = "MailMan.Core", "src\Core\MailMan.Core.csproj", "{687C37ED-E491-4DA4-8E28-12F67CCD3209}"
EndProject
Project("{2150E333-8FDC-42A3-9474-1A3956D46DE8}") = "src", "src", "{6FB6BA24-AB40-4D96-99BD-8D7BB8F2BAC3}"
EndProject
Project("{9A19103F-16F7-4668-BE54-9A1E7A4F7556}") = "UnitTests", "tests\UnitTests\UnitTests.csproj", "{BBA76652-BFAE-4617-B2CD-E688DF2400AF}"
EndProject
Project("{2150E333-8FDC-42A3-9474-1A3956D46DE8}") = "tests", "tests", "{BC026CA6-AE6D-4487-98E1-CA59799CC056}"
EndProject
Project("{9A19103F-16F7-4668-BE54-9A1E7A4F7556}") = "IntegratedTests", "tests\IntegratedTests\IntegratedTests.csproj", "{CA11D430-ECAF-44E5-ADC1-164EE0F3F8C5}"
EndProject
Project("{2150E333-8FDC-42A3-9474-1A3956D46DE8}") = "sandbox", "sandbox", "{0CDDC939-9F26-4C3E-B319-A9727E1D0773}"
EndProject
Project("{FAE04EC0-301F-11D3-BF4B-00C04F79EFBC}") = "SpecialUsers.Workers", "sandbox\SpecialUsers.Workers\SpecialUsers.Workers.csproj", "{A6BDC9E9-4D64-454C-9B46-892F90E5725D}"
EndProject
Project("{FAE04EC0-301F-11D3-BF4B-00C04F79EFBC}") = "MailMan.Installers", "src\Installers\MailMan.Installers.csproj", "{D5169D01-5274-4CE7-9A7D-EC31EEFAFDFA}"
EndProject
Global
	GlobalSection(SolutionConfigurationPlatforms) = preSolution
		Debug|Any CPU = Debug|Any CPU
		Release|Any CPU = Release|Any CPU
	EndGlobalSection
	GlobalSection(ProjectConfigurationPlatforms) = postSolution
		{687C37ED-E491-4DA4-8E28-12F67CCD3209}.Debug|Any CPU.ActiveCfg = Debug|Any CPU
		{687C37ED-E491-4DA4-8E28-12F67CCD3209}.Debug|Any CPU.Build.0 = Debug|Any CPU
		{687C37ED-E491-4DA4-8E28-12F67CCD3209}.Release|Any CPU.ActiveCfg = Release|Any CPU
		{687C37ED-E491-4DA4-8E28-12F67CCD3209}.Release|Any CPU.Build.0 = Release|Any CPU
		{BBA76652-BFAE-4617-B2CD-E688DF2400AF}.Debug|Any CPU.ActiveCfg = Debug|Any CPU
		{BBA76652-BFAE-4617-B2CD-E688DF2400AF}.Debug|Any CPU.Build.0 = Debug|Any CPU
		{BBA76652-BFAE-4617-B2CD-E688DF2400AF}.Release|Any CPU.ActiveCfg = Release|Any CPU
		{BBA76652-BFAE-4617-B2CD-E688DF2400AF}.Release|Any CPU.Build.0 = Release|Any CPU
		{CA11D430-ECAF-44E5-ADC1-164EE0F3F8C5}.Debug|Any CPU.ActiveCfg = Debug|Any CPU
		{CA11D430-ECAF-44E5-ADC1-164EE0F3F8C5}.Debug|Any CPU.Build.0 = Debug|Any CPU
		{CA11D430-ECAF-44E5-ADC1-164EE0F3F8C5}.Release|Any CPU.ActiveCfg = Release|Any CPU
		{CA11D430-ECAF-44E5-ADC1-164EE0F3F8C5}.Release|Any CPU.Build.0 = Release|Any CPU
		{A6BDC9E9-4D64-454C-9B46-892F90E5725D}.Debug|Any CPU.ActiveCfg = Debug|Any CPU
		{A6BDC9E9-4D64-454C-9B46-892F90E5725D}.Debug|Any CPU.Build.0 = Debug|Any CPU
		{A6BDC9E9-4D64-454C-9B46-892F90E5725D}.Release|Any CPU.ActiveCfg = Release|Any CPU
		{A6BDC9E9-4D64-454C-9B46-892F90E5725D}.Release|Any CPU.Build.0 = Release|Any CPU
		{D5169D01-5274-4CE7-9A7D-EC31EEFAFDFA}.Debug|Any CPU.ActiveCfg = Debug|Any CPU
		{D5169D01-5274-4CE7-9A7D-EC31EEFAFDFA}.Debug|Any CPU.Build.0 = Debug|Any CPU
		{D5169D01-5274-4CE7-9A7D-EC31EEFAFDFA}.Release|Any CPU.ActiveCfg = Release|Any CPU
		{D5169D01-5274-4CE7-9A7D-EC31EEFAFDFA}.Release|Any CPU.Build.0 = Release|Any CPU
	EndGlobalSection
	GlobalSection(SolutionProperties) = preSolution
		HideSolutionNode = FALSE
	EndGlobalSection
	GlobalSection(NestedProjects) = preSolution
		{687C37ED-E491-4DA4-8E28-12F67CCD3209} = {6FB6BA24-AB40-4D96-99BD-8D7BB8F2BAC3}
		{BBA76652-BFAE-4617-B2CD-E688DF2400AF} = {BC026CA6-AE6D-4487-98E1-CA59799CC056}
		{CA11D430-ECAF-44E5-ADC1-164EE0F3F8C5} = {BC026CA6-AE6D-4487-98E1-CA59799CC056}
		{A6BDC9E9-4D64-454C-9B46-892F90E5725D} = {0CDDC939-9F26-4C3E-B319-A9727E1D0773}
		{D5169D01-5274-4CE7-9A7D-EC31EEFAFDFA} = {6FB6BA24-AB40-4D96-99BD-8D7BB8F2BAC3}
	EndGlobalSection
	GlobalSection(ExtensibilityGlobals) = postSolution
		SolutionGuid = {C7D3DC02-07A8-4CF9-AEAB-9F654FA91C50}
	EndGlobalSection
EndGlobal
